{
  "name": "quester.extensions.quester-ui",
  "version": "1.1.1",
  "lockfileVersion": 2,
  "requires": true,
  "packages": {
    "": {
      "name": "quester.extensions.quester-ui",
      "version": "1.1.1",
      "license": "ISC",
      "dependencies": {
        "quester-ui": "^1.0.4"
      }
    },
    "node_modules/quester-ui": {
      "version": "1.0.4",
      "resolved": "https://registry.npmjs.org/quester-ui/-/quester-ui-1.0.4.tgz",
      "integrity": "sha512-kVPh1kZKF72U6nSz+7j2V8yCj6APgDbSO5FekaesOj59UiyDBIlekS1/kXU4+QFsdAYPa8DMZIsQj1Jk9RDpyQ=="
    }
  },
  "dependencies": {
    "quester-ui": {
      "version": "1.0.4",
      "resolved": "https://registry.npmjs.org/quester-ui/-/quester-ui-1.0.4.tgz",
      "integrity": "sha512-kVPh1kZKF72U6nSz+7j2V8yCj6APgDbSO5FekaesOj59UiyDBIlekS1/kXU4+QFsdAYPa8DMZIsQj1Jk9RDpyQ=="
    }
  }
}
